
Microsoft Visual Studio Solution File, Format Version 12.00
# Visual Studio Version 17
VisualStudioVersion = 17.3.32825.248
MinimumVisualStudioVersion = 10.0.40219.1
Project("{FAE04EC0-301F-11D3-BF4B-00C04F79EFBC}") = "Project 4", "Project 4\Project 4.csproj", "{0899EC43-0D5E-44B6-99D7-24C292496C20}"
EndProject
Global
	GlobalSection(SolutionConfigurationPlatforms) = preSolution
		Debug|Any CPU = Debug|Any CPU
		Release|Any CPU = Release|Any CPU
	EndGlobalSection
	GlobalSection(ProjectConfigurationPlatforms) = postSolution
		{0899EC43-0D5E-44B6-99D7-24C292496C20}.Debug|Any CPU.ActiveCfg = Debug|Any CPU
		{0899EC43-0D5E-44B6-99D7-24C292496C20}.Debug|Any CPU.Build.0 = Debug|Any CPU
		{0899EC43-0D5E-44B6-99D7-24C292496C20}.Release|Any CPU.ActiveCfg = Release|Any CPU
		{0899EC43-0D5E-44B6-99D7-24C292496C20}.Release|Any CPU.Build.0 = Release|Any CPU
	EndGlobalSection
	GlobalSection(SolutionProperties) = preSolution
		HideSolutionNode = FALSE
	EndGlobalSection
	GlobalSection(ExtensibilityGlobals) = postSolution
		SolutionGuid = {73D7249A-80D3-434D-863B-5414B89EA0BC}
	EndGlobalSection
EndGlobal
